<?xml version="1.0" encoding="UTF-8" standalone="yes" ?>
<CodeBlocks_project_file>
	<FileVersion major="1" minor="6" />
	<Project>
		<Option title="Inst.04" />
		<Option makefile="makefile" />
		<Option pch_mode="2" />
		<Option compiler="gcc" />
		<Build>
			<Target title="HelloWorld">
				<Option output="bin/Debug/Pokitto_sim" prefix_auto="1" extension_auto="1" />
				<Option working_dir="bin/Debug" />
				<Option object_output="obj/Debug/" />
				<Option type="1" />
				<Option compiler="gcc" />
				<Option use_console_runner="0" />
				<Compiler>
					<Add option="-g" />
					<Add option="-DPROJ_HIRES=0" />
					<Add option="-DPROJ_STARTUPLOGO=0" />
					<Add option="-DPROJ_GAMEBUINO=0" />
					<Add option="-DPROJ_GBSOUND=0" />
					<Add option="-DPROJ_STREAMING_MUSIC=1" />
					<Add option="-DPROJ_ENABLE_SYNTH=0" />
				</Compiler>
				<Linker>
					<Add library="bin/Debug/libPokitto_sim.a" />
				</Linker>
			</Target>
		</Build>
		<Compiler>
			<Add option="-Wall" />
			<Add option="-std=gnu++11" />
			<Add option="-fsigned-char" />
			<Add option="-DPOK_SIM" />
			<Add directory="../SDL2/include" />
			<Add directory="../POKITTO_CORE" />
			<Add directory="../POKITTO_SIM" />
			<Add directory="../POKITTO_SIM/mbed_sim" />
			<Add directory="../POKITTO_LIBS/FileIO" />
			<Add directory="../POKITTO_LIBS/Synth" />
			<Add directory="../POKITTO_CORE/FONTS" />
			<Add directory="../" />
		</Compiler>
		<Linker>
			<Add option="-Wl,-Map=main.map" />
			<Add library="mingw32" />
			<Add library="SDLmain" />
			<Add library="SDL.dll" />
			<Add library="user32" />
			<Add library="gdi32" />
			<Add library="winmm" />
			<Add library="dxguid" />
			<Add directory="../SDL2/lib" />
		</Linker>
		<Unit filename="../Ardutils/BasicTypes.h" />
		<Unit filename="../Ardutils/Bitwise.h" />
		<Unit filename="../Ardutils/Bitwise/BitCount.h" />
		<Unit filename="../Ardutils/Bitwise/BitsRequired.h" />
		<Unit filename="../Ardutils/Bitwise/Bitwise.h" />
		<Unit filename="../Ardutils/Bitwise/CountLeadingOnes.h" />
		<Unit filename="../Ardutils/Bitwise/CountLeadingZeroes.h" />
		<Unit filename="../Ardutils/Bitwise/CountTrailingOnes.h" />
		<Unit filename="../Ardutils/Bitwise/CountTrailingZeroes.h" />
		<Unit filename="../Ardutils/Bitwise/IdentityMask.h" />
		<Unit filename="../Ardutils/Bitwise/IsEven.h" />
		<Unit filename="../Ardutils/Bitwise/IsOdd.h" />
		<Unit filename="../Ardutils/Bitwise/IsPowerOfTwo.h" />
		<Unit filename="../Ardutils/Bitwise/LeadingOnes.h" />
		<Unit filename="../Ardutils/Bitwise/LeadingZeroes.h" />
		<Unit filename="../Ardutils/Bitwise/LeastBits.h" />
		<Unit filename="../Ardutils/Bitwise/LsbMask.h" />
		<Unit filename="../Ardutils/Bitwise/MsbMask.h" />
		<Unit filename="../Ardutils/Bitwise/NextPowerOfTwo.h" />
		<Unit filename="../Ardutils/Bitwise/TrailingOnes.h" />
		<Unit filename="../Ardutils/Bitwise/TrailingZeroes.h" />
		<Unit filename="../Ardutils/Collections.h" />
		<Unit filename="../Ardutils/Collections/Collections.h" />
		<Unit filename="../Ardutils/Collections/List.h" />
		<Unit filename="../Ardutils/Collections/Queue.h" />
		<Unit filename="../Ardutils/Collections/Stack.h" />
		<Unit filename="../Ardutils/Debug.h" />
		<Unit filename="../Ardutils/Details/CompilerDetectEnd.h" />
		<Unit filename="../Ardutils/Details/CompilerDetectStart.h" />
		<Unit filename="../Ardutils/Details/CompilerTraitsEnd.h" />
		<Unit filename="../Ardutils/Details/CompilerTraitsStart.h" />
		<Unit filename="../Ardutils/Details/VersioningEnd.h" />
		<Unit filename="../Ardutils/Details/VersioningStart.h" />
		<Unit filename="../Ardutils/FixedPoint.h" />
		<Unit filename="../Ardutils/FixedPointCommon.h" />
		<Unit filename="../Ardutils/Geometry.h" />
		<Unit filename="../Ardutils/Geometry/Geometry.h" />
		<Unit filename="../Ardutils/Geometry/Point2.h" />
		<Unit filename="../Ardutils/Geometry/Rectangle.h" />
		<Unit filename="../Ardutils/Geometry/Vector2.h" />
		<Unit filename="../Ardutils/Maths.h" />
		<Unit filename="../Ardutils/Maths/ClampedValue.h" />
		<Unit filename="../Ardutils/Maths/Maths.h" />
		<Unit filename="../Ardutils/Maths/Range.h" />
		<Unit filename="../Ardutils/Maths/StaticClampedValue.h" />
		<Unit filename="../Ardutils/Maths/StaticRange.h" />
		<Unit filename="../Ardutils/Maths/StaticWrappedValue.h" />
		<Unit filename="../Ardutils/Maths/WrappedValue.h" />
		<Unit filename="../Ardutils/TypeTraits.h" />
		<Unit filename="../Ardutils/TypeTraits/AddCV.h" />
		<Unit filename="../Ardutils/TypeTraits/AddConst.h" />
		<Unit filename="../Ardutils/TypeTraits/AddLValueReference.h" />
		<Unit filename="../Ardutils/TypeTraits/AddPointer.h" />
		<Unit filename="../Ardutils/TypeTraits/AddRValueReference.h" />
		<Unit filename="../Ardutils/TypeTraits/AddVolatile.h" />
		<Unit filename="../Ardutils/TypeTraits/Conditional.h" />
		<Unit filename="../Ardutils/TypeTraits/Conjunction.h" />
		<Unit filename="../Ardutils/TypeTraits/Disjunction.h" />
		<Unit filename="../Ardutils/TypeTraits/EnableIf.h" />
		<Unit filename="../Ardutils/TypeTraits/Extent.h" />
		<Unit filename="../Ardutils/TypeTraits/IntegralConstant.h" />
		<Unit filename="../Ardutils/TypeTraits/IsArithmetic.h" />
		<Unit filename="../Ardutils/TypeTraits/IsArray.h" />
		<Unit filename="../Ardutils/TypeTraits/IsClass.h" />
		<Unit filename="../Ardutils/TypeTraits/IsConst.h" />
		<Unit filename="../Ardutils/TypeTraits/IsEmpty.h" />
		<Unit filename="../Ardutils/TypeTraits/IsEnum.h" />
		<Unit filename="../Ardutils/TypeTraits/IsFloatingPoint.h" />
		<Unit filename="../Ardutils/TypeTraits/IsFunction.h" />
		<Unit filename="../Ardutils/TypeTraits/IsIntegral.h" />
		<Unit filename="../Ardutils/TypeTraits/IsLValueReference.h" />
		<Unit filename="../Ardutils/TypeTraits/IsMemberPointer.h" />
		<Unit filename="../Ardutils/TypeTraits/IsNullPointer.h" />
		<Unit filename="../Ardutils/TypeTraits/IsPointer.h" />
		<Unit filename="../Ardutils/TypeTraits/IsRValueReference.h" />
		<Unit filename="../Ardutils/TypeTraits/IsReference.h" />
		<Unit filename="../Ardutils/TypeTraits/IsSame.h" />
		<Unit filename="../Ardutils/TypeTraits/IsSigned.h" />
		<Unit filename="../Ardutils/TypeTraits/IsUnion.h" />
		<Unit filename="../Ardutils/TypeTraits/IsUnsigned.h" />
		<Unit filename="../Ardutils/TypeTraits/IsVoid.h" />
		<Unit filename="../Ardutils/TypeTraits/IsVolatile.h" />
		<Unit filename="../Ardutils/TypeTraits/Negation.h" />
		<Unit filename="../Ardutils/TypeTraits/Rank.h" />
		<Unit filename="../Ardutils/TypeTraits/RemoveAllExtents.h" />
		<Unit filename="../Ardutils/TypeTraits/RemoveCV.h" />
		<Unit filename="../Ardutils/TypeTraits/RemoveConst.h" />
		<Unit filename="../Ardutils/TypeTraits/RemoveExtent.h" />
		<Unit filename="../Ardutils/TypeTraits/RemovePointer.h" />
		<Unit filename="../Ardutils/TypeTraits/RemoveReference.h" />
		<Unit filename="../Ardutils/TypeTraits/RemoveVolatile.h" />
		<Unit filename="../Ardutils/TypeTraits/TypeTraits.h" />
		<Unit filename="../Ardutils/TypeTraits/UnderlyingType.h" />
		<Unit filename="../Ardutils/TypeTraits/VoidT.h" />
		<Unit filename="../Ardutils/Utils.h" />
		<Unit filename="../Hello.cpp" />
		<Unit filename="../POKITTO_CORE/GBcompatibility.h">
			<Option target="&lt;{~None~}&gt;" />
		</Unit>
		<Unit filename="../POKITTO_CORE/Macros_LCD.h">
			<Option target="&lt;{~None~}&gt;" />
		</Unit>
		<Unit filename="../POKITTO_CORE/PokittoBacklight.h">
			<Option target="&lt;{~None~}&gt;" />
		</Unit>
		<Unit filename="../POKITTO_CORE/PokittoBattery.h">
			<Option target="&lt;{~None~}&gt;" />
		</Unit>
		<Unit filename="../POKITTO_CORE/PokittoButtons.h">
			<Option target="&lt;{~None~}&gt;" />
		</Unit>
		<Unit filename="../POKITTO_CORE/PokittoConsole.h">
			<Option target="&lt;{~None~}&gt;" />
		</Unit>
		<Unit filename="../POKITTO_CORE/PokittoCore.h">
			<Option target="&lt;{~None~}&gt;" />
		</Unit>
		<Unit filename="../POKITTO_CORE/PokittoDisplay.h">
			<Option target="&lt;{~None~}&gt;" />
		</Unit>
		<Unit filename="../POKITTO_CORE/PokittoFonts.h">
			<Option target="&lt;{~None~}&gt;" />
		</Unit>
		<Unit filename="../POKITTO_CORE/PokittoLogos.h">
			<Option target="&lt;{~None~}&gt;" />
		</Unit>
		<Unit filename="../POKITTO_CORE/PokittoSound.h">
			<Option target="&lt;{~None~}&gt;" />
		</Unit>
		<Unit filename="../POKITTO_CORE/Pokitto_core.h">
			<Option target="&lt;{~None~}&gt;" />
		</Unit>
		<Unit filename="../POKITTO_CORE/Pokitto_disk.h">
			<Option target="&lt;{~None~}&gt;" />
		</Unit>
		<Unit filename="../POKITTO_CORE/Pokitto_fakeavr.h">
			<Option target="&lt;{~None~}&gt;" />
		</Unit>
		<Unit filename="../POKITTO_CORE/Pokitto_itoa.h">
			<Option target="&lt;{~None~}&gt;" />
		</Unit>
		<Unit filename="../POKITTO_CORE/Pokitto_timer.h">
			<Option target="&lt;{~None~}&gt;" />
		</Unit>
		<Unit filename="../POKITTO_LIBS/FileIO/FileIO.h">
			<Option target="&lt;{~None~}&gt;" />
		</Unit>
		<Unit filename="../POKITTO_LIBS/Synth/Synth.h">
			<Option target="&lt;{~None~}&gt;" />
		</Unit>
		<Unit filename="../POKITTO_LIBS/Synth/Synth_osc.h">
			<Option target="&lt;{~None~}&gt;" />
		</Unit>
		<Unit filename="../POKITTO_LIBS/Synth/Synth_song.h">
			<Option target="&lt;{~None~}&gt;" />
		</Unit>
		<Unit filename="../Pokitto.h">
			<Option target="&lt;{~None~}&gt;" />
		</Unit>
		<Unit filename="../Pokitto_settings.h">
			<Option weight="0" />
			<Option target="&lt;{~None~}&gt;" />
		</Unit>
		<Unit filename="../camera.h" />
		<Unit filename="../entity.h" />
		<Unit filename="../game.h" />
		<Unit filename="../types.h" />
		<Unit filename="../world.h" />
		<Unit filename="Makewav.cpp" />
		<Unit filename="Makewav.h" />
		<Unit filename="PokittoClock.cpp" />
		<Unit filename="PokittoSimButtons.cpp" />
		<Unit filename="PokittoSimCore.cpp" />
		<Unit filename="PokittoSimulator.cpp" />
		<Unit filename="PokittoSimulator.h" />
		<Unit filename="Pokitto_simport.cpp" />
		<Unit filename="Pokitto_simport.h" />
		<Unit filename="Pokitto_simsound.h" />
		<Unit filename="SimLCD.cpp">
			<Option target="&lt;{~None~}&gt;" />
		</Unit>
		<Unit filename="SimLCD.h">
			<Option target="&lt;{~None~}&gt;" />
		</Unit>
		<Unit filename="SimSound.cpp">
			<Option target="&lt;{~None~}&gt;" />
		</Unit>
		<Unit filename="SimSound.h">
			<Option target="&lt;{~None~}&gt;" />
		</Unit>
		<Unit filename="mbed_sim/AnalogIn.h">
			<Option target="&lt;{~None~}&gt;" />
		</Unit>
		<Unit filename="mbed_sim/AnalogOut.h">
			<Option target="&lt;{~None~}&gt;" />
		</Unit>
		<Unit filename="mbed_sim/DigitalOut.h">
			<Option target="&lt;{~None~}&gt;" />
		</Unit>
		<Unit filename="mbed_sim/InterruptIn.h">
			<Option target="&lt;{~None~}&gt;" />
		</Unit>
		<Unit filename="mbed_sim/LPC11U6x.h">
			<Option target="&lt;{~None~}&gt;" />
		</Unit>
		<Unit filename="mbed_sim/PeripheralNames.h">
			<Option target="&lt;{~None~}&gt;" />
		</Unit>
		<Unit filename="mbed_sim/PinNames.h">
			<Option target="&lt;{~None~}&gt;" />
		</Unit>
		<Unit filename="mbed_sim/PwmOut.h">
			<Option target="&lt;{~None~}&gt;" />
		</Unit>
		<Unit filename="mbed_sim/analogin_api.h">
			<Option target="&lt;{~None~}&gt;" />
		</Unit>
		<Unit filename="mbed_sim/analogout_api.h">
			<Option target="&lt;{~None~}&gt;" />
		</Unit>
		<Unit filename="mbed_sim/device.h">
			<Option target="&lt;{~None~}&gt;" />
		</Unit>
		<Unit filename="mbed_sim/gpio_api.h">
			<Option target="&lt;{~None~}&gt;" />
		</Unit>
		<Unit filename="mbed_sim/gpio_irq_api.h">
			<Option target="&lt;{~None~}&gt;" />
		</Unit>
		<Unit filename="mbed_sim/gpio_object.h">
			<Option target="&lt;{~None~}&gt;" />
		</Unit>
		<Unit filename="mbed_sim/mbed.h">
			<Option target="&lt;{~None~}&gt;" />
		</Unit>
		<Unit filename="mbed_sim/mbed_sim.cpp">
			<Option target="&lt;{~None~}&gt;" />
		</Unit>
		<Unit filename="mbed_sim/objects.h">
			<Option target="&lt;{~None~}&gt;" />
		</Unit>
		<Unit filename="mbed_sim/platform.h">
			<Option target="&lt;{~None~}&gt;" />
		</Unit>
		<Unit filename="mbed_sim/pwmout_api.h">
			<Option target="&lt;{~None~}&gt;" />
		</Unit>
		<Extensions>
			<code_completion />
			<envvars />
			<debugger />
			<lib_finder disable_auto="1" />
		</Extensions>
	</Project>
</CodeBlocks_project_file>
